{
  "name": "swag-paypal-storefront",
  "version": "1.0.0",
  "lockfileVersion": 3,
  "requires": true,
  "packages": {
    "": {
      "name": "swag-paypal-storefront",
      "version": "1.0.0",
      "license": "MIT",
      "dependencies": {
        "@paypal/paypal-js": "~9"
      }
    },
    "node_modules/@paypal/paypal-js": {
      "version": "9.5.0",
      "resolved": "https://registry.npmjs.org/@paypal/paypal-js/-/paypal-js-9.5.0.tgz",
      "integrity": "sha512-j2p6uPpW0hlQ7KOwkiqscbAapZD9NocN1jcjA1Hm5za7PLteq81qVIgJR0Nr0/b1ytfnoN3L2QyG8XubU++kdQ==",
      "license": "Apache-2.0",
      "dependencies": {
        "promise-polyfill": "^8.3.0"
      }
    },
    "node_modules/promise-polyfill": {
      "version": "8.3.0",
      "resolved": "https://registry.npmjs.org/promise-polyfill/-/promise-polyfill-8.3.0.tgz",
      "integrity": "sha512-H5oELycFml5yto/atYqmjyigJoAo3+OXwolYiH7OfQuYlAqhxNvTfiNMbV9hsC6Yp83yE5r2KTVmtrG6R9i6Pg==",
      "license": "MIT"
    }
  }
}
