{
  "name": "swag-paypal-storefront",
  "version": "1.0.0",
  "lockfileVersion": 2,
  "requires": true,
  "packages": {
    "": {
      "name": "swag-paypal-storefront",
      "version": "1.0.0",
      "license": "MIT",
      "dependencies": {
        "@paypal/paypal-js": "~5"
      }
    },
    "node_modules/@paypal/paypal-js": {
      "version": "5.1.4",
      "resolved": "https://registry.npmjs.org/@paypal/paypal-js/-/paypal-js-5.1.4.tgz",
      "integrity": "sha512-5ktge4DFOMu3rvFR4YWDiPm4wDUzOmghtCM9ZxgJyJCOJP+61IVYdrENysMay91T4GOZ10k2ywWcBN5shsGhLw==",
      "dependencies": {
        "promise-polyfill": "^8.2.3"
      }
    },
    "node_modules/promise-polyfill": {
      "version": "8.2.3",
      "resolved": "https://registry.npmjs.org/promise-polyfill/-/promise-polyfill-8.2.3.tgz",
      "integrity": "sha512-Og0+jCRQetV84U8wVjMNccfGCnMQ9mGs9Hv78QFe+pSDD3gWTpz0y+1QCuxy5d/vBFuZ3iwP2eycAkvqIMPmWg=="
    }
  },
  "dependencies": {
    "@paypal/paypal-js": {
      "version": "5.1.4",
      "resolved": "https://registry.npmjs.org/@paypal/paypal-js/-/paypal-js-5.1.4.tgz",
      "integrity": "sha512-5ktge4DFOMu3rvFR4YWDiPm4wDUzOmghtCM9ZxgJyJCOJP+61IVYdrENysMay91T4GOZ10k2ywWcBN5shsGhLw==",
      "requires": {
        "promise-polyfill": "^8.2.3"
      }
    },
    "promise-polyfill": {
      "version": "8.2.3",
      "resolved": "https://registry.npmjs.org/promise-polyfill/-/promise-polyfill-8.2.3.tgz",
      "integrity": "sha512-Og0+jCRQetV84U8wVjMNccfGCnMQ9mGs9Hv78QFe+pSDD3gWTpz0y+1QCuxy5d/vBFuZ3iwP2eycAkvqIMPmWg=="
    }
  }
}
